// !$*UTF8*$!
{
	archiveVersion = 1;
	classes = {
	};
	objectVersion = 46;
	objects = {

/* Begin PBXBuildFile section */
		9C70AB8A94491EC2127DB7A1 /* Pods_PetProjectTests.framework in Frameworks */ = {isa = PBXBuildFile; fileRef = 50541FB5A921592AE1982072 /* Pods_PetProjectTests.framework */; };
		BCC34A65BD46C8B8D3DB7B77 /* Pods_PetProjectUITests.framework in Frameworks */ = {isa = PBXBuildFile; fileRef = 7E3D6819A6F9C40129D5FCF3 /* Pods_PetProjectUITests.framework */; };
		C21E00B91E262489006E86E5 /* AppDelegate.swift in Sources */ = {isa = PBXBuildFile; fileRef = C21E00B81E262489006E86E5 /* AppDelegate.swift */; };
		C21E00BB1E262489006E86E5 /* ViewController.swift in Sources */ = {isa = PBXBuildFile; fileRef = C21E00BA1E262489006E86E5 /* ViewController.swift */; };
		C21E00BE1E262489006E86E5 /* Main.storyboard in Resources */ = {isa = PBXBuildFile; fileRef = C21E00BC1E262489006E86E5 /* Main.storyboard */; };
		C21E00C11E262489006E86E5 /* PetProject.xcdatamodeld in Sources */ = {isa = PBXBuildFile; fileRef = C21E00BF1E262489006E86E5 /* PetProject.xcdatamodeld */; };
		C21E00C31E262489006E86E5 /* Assets.xcassets in Resources */ = {isa = PBXBuildFile; fileRef = C21E00C21E262489006E86E5 /* Assets.xcassets */; };
		C21E00C61E262489006E86E5 /* LaunchScreen.storyboard in Resources */ = {isa = PBXBuildFile; fileRef = C21E00C41E262489006E86E5 /* LaunchScreen.storyboard */; };
		C21E00D11E26248A006E86E5 /* PetProjectTests.swift in Sources */ = {isa = PBXBuildFile; fileRef = C21E00D01E26248A006E86E5 /* PetProjectTests.swift */; };
		C21E00DC1E26248A006E86E5 /* PetProjectUITests.swift in Sources */ = {isa = PBXBuildFile; fileRef = C21E00DB1E26248A006E86E5 /* PetProjectUITests.swift */; };
		C2644FF91E27757A00FFAF2A /* HomeViewController.swift in Sources */ = {isa = PBXBuildFile; fileRef = C2644FF81E27757A00FFAF2A /* HomeViewController.swift */; };
		C2AF91571E40E6410065E710 /* CreatePlayer.swift in Sources */ = {isa = PBXBuildFile; fileRef = C2AF91561E40E6410065E710 /* CreatePlayer.swift */; };
		C2AF915A1E40ED350065E710 /* validateTextField.swift in Sources */ = {isa = PBXBuildFile; fileRef = C2AF91591E40ED350065E710 /* validateTextField.swift */; };
		C2B96CF71E37922F0061937B /* petProjectAPI.swift in Sources */ = {isa = PBXBuildFile; fileRef = C2B96CF61E37922F0061937B /* petProjectAPI.swift */; };
		C2B96CFB1E38E0E30061937B /* UserDetailsViewController.swift in Sources */ = {isa = PBXBuildFile; fileRef = C2B96CFA1E38E0E30061937B /* UserDetailsViewController.swift */; };
		FB8C15D81BBAF50A79F50759 /* Pods_PetProject.framework in Frameworks */ = {isa = PBXBuildFile; fileRef = 428BB805AB6EDCA91E74E4AD /* Pods_PetProject.framework */; };
/* End PBXBuildFile section */

/* Begin PBXContainerItemProxy section */
		C21E00CD1E26248A006E86E5 /* PBXContainerItemProxy */ = {
			isa = PBXContainerItemProxy;
			containerPortal = C21E00AD1E262489006E86E5 /* Project object */;
			proxyType = 1;
			remoteGlobalIDString = C21E00B41E262489006E86E5;
			remoteInfo = PetProject;
		};
		C21E00D81E26248A006E86E5 /* PBXContainerItemProxy */ = {
			isa = PBXContainerItemProxy;
			containerPortal = C21E00AD1E262489006E86E5 /* Project object */;
			proxyType = 1;
			remoteGlobalIDString = C21E00B41E262489006E86E5;
			remoteInfo = PetProject;
		};
/* End PBXContainerItemProxy section */

/* Begin PBXFileReference section */
		1285BFAA2C68C9E232E7C82A /* Pods-PetProjectTests.debug.xcconfig */ = {isa = PBXFileReference; includeInIndex = 1; lastKnownFileType = text.xcconfig; name = "Pods-PetProjectTests.debug.xcconfig"; path = "Pods/Target Support Files/Pods-PetProjectTests/Pods-PetProjectTests.debug.xcconfig"; sourceTree = "<group>"; };
		428BB805AB6EDCA91E74E4AD /* Pods_PetProject.framework */ = {isa = PBXFileReference; explicitFileType = wrapper.framework; includeInIndex = 0; path = Pods_PetProject.framework; sourceTree = BUILT_PRODUCTS_DIR; };
		49B60BCA37D137F8AA7813CA /* Pods-PetProject.release.xcconfig */ = {isa = PBXFileReference; includeInIndex = 1; lastKnownFileType = text.xcconfig; name = "Pods-PetProject.release.xcconfig"; path = "Pods/Target Support Files/Pods-PetProject/Pods-PetProject.release.xcconfig"; sourceTree = "<group>"; };
		50541FB5A921592AE1982072 /* Pods_PetProjectTests.framework */ = {isa = PBXFileReference; explicitFileType = wrapper.framework; includeInIndex = 0; path = Pods_PetProjectTests.framework; sourceTree = BUILT_PRODUCTS_DIR; };
		68CD511CCC821526492C0D68 /* Pods-PetProject.debug.xcconfig */ = {isa = PBXFileReference; includeInIndex = 1; lastKnownFileType = text.xcconfig; name = "Pods-PetProject.debug.xcconfig"; path = "Pods/Target Support Files/Pods-PetProject/Pods-PetProject.debug.xcconfig"; sourceTree = "<group>"; };
		7E3D6819A6F9C40129D5FCF3 /* Pods_PetProjectUITests.framework */ = {isa = PBXFileReference; explicitFileType = wrapper.framework; includeInIndex = 0; path = Pods_PetProjectUITests.framework; sourceTree = BUILT_PRODUCTS_DIR; };
		9D61E6BD978B47300B5DA651 /* Pods-PetProjectTests.release.xcconfig */ = {isa = PBXFileReference; includeInIndex = 1; lastKnownFileType = text.xcconfig; name = "Pods-PetProjectTests.release.xcconfig"; path = "Pods/Target Support Files/Pods-PetProjectTests/Pods-PetProjectTests.release.xcconfig"; sourceTree = "<group>"; };
		9F62F98B1B05539A75F349B2 /* Pods-PetProjectUITests.debug.xcconfig */ = {isa = PBXFileReference; includeInIndex = 1; lastKnownFileType = text.xcconfig; name = "Pods-PetProjectUITests.debug.xcconfig"; path = "Pods/Target Support Files/Pods-PetProjectUITests/Pods-PetProjectUITests.debug.xcconfig"; sourceTree = "<group>"; };
		AF1C5DD63CD2E947CBDB4145 /* Pods-PetProjectUITests.release.xcconfig */ = {isa = PBXFileReference; includeInIndex = 1; lastKnownFileType = text.xcconfig; name = "Pods-PetProjectUITests.release.xcconfig"; path = "Pods/Target Support Files/Pods-PetProjectUITests/Pods-PetProjectUITests.release.xcconfig"; sourceTree = "<group>"; };
		C21E00B51E262489006E86E5 /* PetProject.app */ = {isa = PBXFileReference; explicitFileType = wrapper.application; includeInIndex = 0; path = PetProject.app; sourceTree = BUILT_PRODUCTS_DIR; };
		C21E00B81E262489006E86E5 /* AppDelegate.swift */ = {isa = PBXFileReference; lastKnownFileType = sourcecode.swift; path = AppDelegate.swift; sourceTree = "<group>"; };
		C21E00BA1E262489006E86E5 /* ViewController.swift */ = {isa = PBXFileReference; lastKnownFileType = sourcecode.swift; path = ViewController.swift; sourceTree = "<group>"; };
		C21E00BD1E262489006E86E5 /* Base */ = {isa = PBXFileReference; lastKnownFileType = file.storyboard; name = Base; path = Base.lproj/Main.storyboard; sourceTree = "<group>"; };
		C21E00C01E262489006E86E5 /* PetProject.xcdatamodel */ = {isa = PBXFileReference; lastKnownFileType = wrapper.xcdatamodel; path = PetProject.xcdatamodel; sourceTree = "<group>"; };
		C21E00C21E262489006E86E5 /* Assets.xcassets */ = {isa = PBXFileReference; lastKnownFileType = folder.assetcatalog; path = Assets.xcassets; sourceTree = "<group>"; };
		C21E00C51E262489006E86E5 /* Base */ = {isa = PBXFileReference; lastKnownFileType = file.storyboard; name = Base; path = Base.lproj/LaunchScreen.storyboard; sourceTree = "<group>"; };
		C21E00C71E262489006E86E5 /* Info.plist */ = {isa = PBXFileReference; lastKnownFileType = text.plist.xml; path = Info.plist; sourceTree = "<group>"; };
		C21E00CC1E26248A006E86E5 /* PetProjectTests.xctest */ = {isa = PBXFileReference; explicitFileType = wrapper.cfbundle; includeInIndex = 0; path = PetProjectTests.xctest; sourceTree = BUILT_PRODUCTS_DIR; };
		C21E00D01E26248A006E86E5 /* PetProjectTests.swift */ = {isa = PBXFileReference; lastKnownFileType = sourcecode.swift; path = PetProjectTests.swift; sourceTree = "<group>"; };
		C21E00D21E26248A006E86E5 /* Info.plist */ = {isa = PBXFileReference; lastKnownFileType = text.plist.xml; path = Info.plist; sourceTree = "<group>"; };
		C21E00D71E26248A006E86E5 /* PetProjectUITests.xctest */ = {isa = PBXFileReference; explicitFileType = wrapper.cfbundle; includeInIndex = 0; path = PetProjectUITests.xctest; sourceTree = BUILT_PRODUCTS_DIR; };
		C21E00DB1E26248A006E86E5 /* PetProjectUITests.swift */ = {isa = PBXFileReference; lastKnownFileType = sourcecode.swift; path = PetProjectUITests.swift; sourceTree = "<group>"; };
		C21E00DD1E26248A006E86E5 /* Info.plist */ = {isa = PBXFileReference; lastKnownFileType = text.plist.xml; path = Info.plist; sourceTree = "<group>"; };
		C2644FF81E27757A00FFAF2A /* HomeViewController.swift */ = {isa = PBXFileReference; fileEncoding = 4; lastKnownFileType = sourcecode.swift; path = HomeViewController.swift; sourceTree = "<group>"; };
		C2AF91561E40E6410065E710 /* CreatePlayer.swift */ = {isa = PBXFileReference; fileEncoding = 4; lastKnownFileType = sourcecode.swift; path = CreatePlayer.swift; sourceTree = "<group>"; };
		C2AF91591E40ED350065E710 /* validateTextField.swift */ = {isa = PBXFileReference; fileEncoding = 4; lastKnownFileType = sourcecode.swift; path = validateTextField.swift; sourceTree = "<group>"; };
		C2B96CF61E37922F0061937B /* petProjectAPI.swift */ = {isa = PBXFileReference; fileEncoding = 4; lastKnownFileType = sourcecode.swift; path = petProjectAPI.swift; sourceTree = "<group>"; };
		C2B96CFA1E38E0E30061937B /* UserDetailsViewController.swift */ = {isa = PBXFileReference; fileEncoding = 4; lastKnownFileType = sourcecode.swift; path = UserDetailsViewController.swift; sourceTree = "<group>"; };
/* End PBXFileReference section */

/* Begin PBXFrameworksBuildPhase section */
		C21E00B21E262489006E86E5 /* Frameworks */ = {
			isa = PBXFrameworksBuildPhase;
			buildActionMask = 2147483647;
			files = (
				FB8C15D81BBAF50A79F50759 /* Pods_PetProject.framework in Frameworks */,
			);
			runOnlyForDeploymentPostprocessing = 0;
		};
		C21E00C91E26248A006E86E5 /* Frameworks */ = {
			isa = PBXFrameworksBuildPhase;
			buildActionMask = 2147483647;
			files = (
				9C70AB8A94491EC2127DB7A1 /* Pods_PetProjectTests.framework in Frameworks */,
			);
			runOnlyForDeploymentPostprocessing = 0;
		};
		C21E00D41E26248A006E86E5 /* Frameworks */ = {
			isa = PBXFrameworksBuildPhase;
			buildActionMask = 2147483647;
			files = (
				BCC34A65BD46C8B8D3DB7B77 /* Pods_PetProjectUITests.framework in Frameworks */,
			);
			runOnlyForDeploymentPostprocessing = 0;
		};
/* End PBXFrameworksBuildPhase section */

/* Begin PBXGroup section */
		27EC747A0DA3E4688D9890A9 /* Frameworks */ = {
			isa = PBXGroup;
			children = (
				428BB805AB6EDCA91E74E4AD /* Pods_PetProject.framework */,
				50541FB5A921592AE1982072 /* Pods_PetProjectTests.framework */,
				7E3D6819A6F9C40129D5FCF3 /* Pods_PetProjectUITests.framework */,
			);
			name = Frameworks;
			sourceTree = "<group>";
		};
		C21E00AC1E262489006E86E5 = {
			isa = PBXGroup;
			children = (
				C21E00B71E262489006E86E5 /* PetProject */,
				C21E00CF1E26248A006E86E5 /* PetProjectTests */,
				C21E00DA1E26248A006E86E5 /* PetProjectUITests */,
				C21E00B61E262489006E86E5 /* Products */,
				E3FFF60FBB3F9068AE9EAEE5 /* Pods */,
				27EC747A0DA3E4688D9890A9 /* Frameworks */,
			);
			sourceTree = "<group>";
		};
		C21E00B61E262489006E86E5 /* Products */ = {
			isa = PBXGroup;
			children = (
				C21E00B51E262489006E86E5 /* PetProject.app */,
				C21E00CC1E26248A006E86E5 /* PetProjectTests.xctest */,
				C21E00D71E26248A006E86E5 /* PetProjectUITests.xctest */,
			);
			name = Products;
			sourceTree = "<group>";
		};
		C21E00B71E262489006E86E5 /* PetProject */ = {
			isa = PBXGroup;
			children = (
				C2AF91581E40ED110065E710 /* Helpers */,
				C2B96CF91E38E0B30061937B /* User Details */,
				C2B96CF81E38E09D0061937B /* API */,
				C2644FF71E27755900FFAF2A /* Home */,
				C21E00E91E26409B006E86E5 /* Login */,
				C21E00B81E262489006E86E5 /* AppDelegate.swift */,
				C21E00BC1E262489006E86E5 /* Main.storyboard */,
				C21E00C21E262489006E86E5 /* Assets.xcassets */,
				C21E00C41E262489006E86E5 /* LaunchScreen.storyboard */,
				C21E00C71E262489006E86E5 /* Info.plist */,
				C21E00BF1E262489006E86E5 /* PetProject.xcdatamodeld */,
			);
			path = PetProject;
			sourceTree = "<group>";
		};
		C21E00CF1E26248A006E86E5 /* PetProjectTests */ = {
			isa = PBXGroup;
			children = (
				C21E00D01E26248A006E86E5 /* PetProjectTests.swift */,
				C21E00D21E26248A006E86E5 /* Info.plist */,
			);
			path = PetProjectTests;
			sourceTree = "<group>";
		};
		C21E00DA1E26248A006E86E5 /* PetProjectUITests */ = {
			isa = PBXGroup;
			children = (
				C21E00DB1E26248A006E86E5 /* PetProjectUITests.swift */,
				C21E00DD1E26248A006E86E5 /* Info.plist */,
			);
			path = PetProjectUITests;
			sourceTree = "<group>";
		};
		C21E00E91E26409B006E86E5 /* Login */ = {
			isa = PBXGroup;
			children = (
				C21E00BA1E262489006E86E5 /* ViewController.swift */,
			);
			name = Login;
			sourceTree = "<group>";
		};
		C2644FF71E27755900FFAF2A /* Home */ = {
			isa = PBXGroup;
			children = (
				C2AF91551E40E62A0065E710 /* CreatePlayer */,
				C2644FF81E27757A00FFAF2A /* HomeViewController.swift */,
			);
			name = Home;
			sourceTree = "<group>";
		};
		C2AF91551E40E62A0065E710 /* CreatePlayer */ = {
			isa = PBXGroup;
			children = (
				C2AF91561E40E6410065E710 /* CreatePlayer.swift */,
			);
			name = CreatePlayer;
			sourceTree = "<group>";
		};
		C2AF91581E40ED110065E710 /* Helpers */ = {
			isa = PBXGroup;
			children = (
				C2AF91591E40ED350065E710 /* validateTextField.swift */,
			);
			name = Helpers;
			sourceTree = "<group>";
		};
		C2B96CF81E38E09D0061937B /* API */ = {
			isa = PBXGroup;
			children = (
				C2B96CF61E37922F0061937B /* petProjectAPI.swift */,
			);
			name = API;
			sourceTree = "<group>";
		};
		C2B96CF91E38E0B30061937B /* User Details */ = {
			isa = PBXGroup;
			children = (
				C2B96CFA1E38E0E30061937B /* UserDetailsViewController.swift */,
			);
			name = "User Details";
			sourceTree = "<group>";
		};
		E3FFF60FBB3F9068AE9EAEE5 /* Pods */ = {
			isa = PBXGroup;
			children = (
				68CD511CCC821526492C0D68 /* Pods-PetProject.debug.xcconfig */,
				49B60BCA37D137F8AA7813CA /* Pods-PetProject.release.xcconfig */,
				1285BFAA2C68C9E232E7C82A /* Pods-PetProjectTests.debug.xcconfig */,
				9D61E6BD978B47300B5DA651 /* Pods-PetProjectTests.release.xcconfig */,
				9F62F98B1B05539A75F349B2 /* Pods-PetProjectUITests.debug.xcconfig */,
				AF1C5DD63CD2E947CBDB4145 /* Pods-PetProjectUITests.release.xcconfig */,
			);
			name = Pods;
			sourceTree = "<group>";
		};
/* End PBXGroup section */

/* Begin PBXNativeTarget section */
		C21E00B41E262489006E86E5 /* PetProject */ = {
			isa = PBXNativeTarget;
			buildConfigurationList = C21E00E01E26248A006E86E5 /* Build configuration list for PBXNativeTarget "PetProject" */;
			buildPhases = (
				4E3530BBE126B616A41EBA73 /* [CP] Check Pods Manifest.lock */,
				C21E00B11E262489006E86E5 /* Sources */,
				C21E00B21E262489006E86E5 /* Frameworks */,
				C21E00B31E262489006E86E5 /* Resources */,
				17CD69AD575F134D04AB0BFF /* [CP] Embed Pods Frameworks */,
				4CFF1F49B36F31A553F51EDE /* [CP] Copy Pods Resources */,
			);
			buildRules = (
			);
			dependencies = (
			);
			name = PetProject;
			productName = PetProject;
			productReference = C21E00B51E262489006E86E5 /* PetProject.app */;
			productType = "com.apple.product-type.application";
		};
		C21E00CB1E26248A006E86E5 /* PetProjectTests */ = {
			isa = PBXNativeTarget;
			buildConfigurationList = C21E00E31E26248A006E86E5 /* Build configuration list for PBXNativeTarget "PetProjectTests" */;
			buildPhases = (
				62406C4DAAE641FDE76E7178 /* [CP] Check Pods Manifest.lock */,
				C21E00C81E26248A006E86E5 /* Sources */,
				C21E00C91E26248A006E86E5 /* Frameworks */,
				C21E00CA1E26248A006E86E5 /* Resources */,
				F4E10C831BE6B824C4D89740 /* [CP] Embed Pods Frameworks */,
				81E7D07ABD9CA8BDDFB5A99B /* [CP] Copy Pods Resources */,
			);
			buildRules = (
			);
			dependencies = (
				C21E00CE1E26248A006E86E5 /* PBXTargetDependency */,
			);
			name = PetProjectTests;
			productName = PetProjectTests;
			productReference = C21E00CC1E26248A006E86E5 /* PetProjectTests.xctest */;
			productType = "com.apple.product-type.bundle.unit-test";
		};
		C21E00D61E26248A006E86E5 /* PetProjectUITests */ = {
			isa = PBXNativeTarget;
			buildConfigurationList = C21E00E61E26248A006E86E5 /* Build configuration list for PBXNativeTarget "PetProjectUITests" */;
			buildPhases = (
				1EDFA83A548A8C1CA20BF630 /* [CP] Check Pods Manifest.lock */,
				C21E00D31E26248A006E86E5 /* Sources */,
				C21E00D41E26248A006E86E5 /* Frameworks */,
				C21E00D51E26248A006E86E5 /* Resources */,
				B0852DC9E6A12A3AD6EEBD7B /* [CP] Embed Pods Frameworks */,
				91DC924B9326ABB682C4EFE1 /* [CP] Copy Pods Resources */,
			);
			buildRules = (
			);
			dependencies = (
				C21E00D91E26248A006E86E5 /* PBXTargetDependency */,
			);
			name = PetProjectUITests;
			productName = PetProjectUITests;
			productReference = C21E00D71E26248A006E86E5 /* PetProjectUITests.xctest */;
			productType = "com.apple.product-type.bundle.ui-testing";
		};
/* End PBXNativeTarget section */

/* Begin PBXProject section */
		C21E00AD1E262489006E86E5 /* Project object */ = {
			isa = PBXProject;
			attributes = {
				LastSwiftUpdateCheck = 0820;
				LastUpgradeCheck = 0820;
				ORGANIZATIONNAME = "Sive Mwanda";
				TargetAttributes = {
					C21E00B41E262489006E86E5 = {
						CreatedOnToolsVersion = 8.2.1;
						ProvisioningStyle = Automatic;
					};
					C21E00CB1E26248A006E86E5 = {
						CreatedOnToolsVersion = 8.2.1;
						ProvisioningStyle = Automatic;
						TestTargetID = C21E00B41E262489006E86E5;
					};
					C21E00D61E26248A006E86E5 = {
						CreatedOnToolsVersion = 8.2.1;
						ProvisioningStyle = Automatic;
						TestTargetID = C21E00B41E262489006E86E5;
					};
				};
			};
			buildConfigurationList = C21E00B01E262489006E86E5 /* Build configuration list for PBXProject "PetProject" */;
			compatibilityVersion = "Xcode 3.2";
			developmentRegion = English;
			hasScannedForEncodings = 0;
			knownRegions = (
				en,
				Base,
			);
			mainGroup = C21E00AC1E262489006E86E5;
			productRefGroup = C21E00B61E262489006E86E5 /* Products */;
			projectDirPath = "";
			projectRoot = "";
			targets = (
				C21E00B41E262489006E86E5 /* PetProject */,
				C21E00CB1E26248A006E86E5 /* PetProjectTests */,
				C21E00D61E26248A006E86E5 /* PetProjectUITests */,
			);
		};
/* End PBXProject section */

/* Begin PBXResourcesBuildPhase section */
		C21E00B31E262489006E86E5 /* Resources */ = {
			isa = PBXResourcesBuildPhase;
			buildActionMask = 2147483647;
			files = (
				C21E00C61E262489006E86E5 /* LaunchScreen.storyboard in Resources */,
				C21E00C31E262489006E86E5 /* Assets.xcassets in Resources */,
				C21E00BE1E262489006E86E5 /* Main.storyboard in Resources */,
			);
			runOnlyForDeploymentPostprocessing = 0;
		};
		C21E00CA1E26248A006E86E5 /* Resources */ = {
			isa = PBXResourcesBuildPhase;
			buildActionMask = 2147483647;
			files = (
			);
			runOnlyForDeploymentPostprocessing = 0;
		};
		C21E00D51E26248A006E86E5 /* Resources */ = {
			isa = PBXResourcesBuildPhase;
			buildActionMask = 2147483647;
			files = (
			);
			runOnlyForDeploymentPostprocessing = 0;
		};
/* End PBXResourcesBuildPhase section */

/* Begin PBXShellScriptBuildPhase section */
		17CD69AD575F134D04AB0BFF /* [CP] Embed Pods Frameworks */ = {
			isa = PBXShellScriptBuildPhase;
			buildActionMask = 2147483647;
			files = (
			);
			inputPaths = (
			);
			name = "[CP] Embed Pods Frameworks";
			outputPaths = (
			);
			runOnlyForDeploymentPostprocessing = 0;
			shellPath = /bin/sh;
			shellScript = "\"${SRCROOT}/Pods/Target Support Files/Pods-PetProject/Pods-PetProject-frameworks.sh\"\n";
			showEnvVarsInLog = 0;
		};
		1EDFA83A548A8C1CA20BF630 /* [CP] Check Pods Manifest.lock */ = {
			isa = PBXShellScriptBuildPhase;
			buildActionMask = 2147483647;
			files = (
			);
			inputPaths = (
			);
			name = "[CP] Check Pods Manifest.lock";
			outputPaths = (
			);
			runOnlyForDeploymentPostprocessing = 0;
			shellPath = /bin/sh;
			shellScript = "diff \"${PODS_ROOT}/../Podfile.lock\" \"${PODS_ROOT}/Manifest.lock\" > /dev/null\nif [ $? != 0 ] ; then\n    # print error to STDERR\n    echo \"error: The sandbox is not in sync with the Podfile.lock. Run 'pod install' or update your CocoaPods installation.\" >&2\n    exit 1\nfi\n";
			showEnvVarsInLog = 0;
		};
		4CFF1F49B36F31A553F51EDE /* [CP] Copy Pods Resources */ = {
			isa = PBXShellScriptBuildPhase;
			buildActionMask = 2147483647;
			files = (
			);
			inputPaths = (
			);
			name = "[CP] Copy Pods Resources";
			outputPaths = (
			);
			runOnlyForDeploymentPostprocessing = 0;
			shellPath = /bin/sh;
			shellScript = "\"${SRCROOT}/Pods/Target Support Files/Pods-PetProject/Pods-PetProject-resources.sh\"\n";
			showEnvVarsInLog = 0;
		};
		4E3530BBE126B616A41EBA73 /* [CP] Check Pods Manifest.lock */ = {
			isa = PBXShellScriptBuildPhase;
			buildActionMask = 2147483647;
			files = (
			);
			inputPaths = (
			);
			name = "[CP] Check Pods Manifest.lock";
			outputPaths = (
			);
			runOnlyForDeploymentPostprocessing = 0;
			shellPath = /bin/sh;
			shellScript = "diff \"${PODS_ROOT}/../Podfile.lock\" \"${PODS_ROOT}/Manifest.lock\" > /dev/null\nif [ $? != 0 ] ; then\n    # print error to STDERR\n    echo \"error: The sandbox is not in sync with the Podfile.lock. Run 'pod install' or update your CocoaPods installation.\" >&2\n    exit 1\nfi\n";
			showEnvVarsInLog = 0;
		};
		62406C4DAAE641FDE76E7178 /* [CP] Check Pods Manifest.lock */ = {
			isa = PBXShellScriptBuildPhase;
			buildActionMask = 2147483647;
			files = (
			);
			inputPaths = (
			);
			name = "[CP] Check Pods Manifest.lock";
			outputPaths = (
			);
			runOnlyForDeploymentPostprocessing = 0;
			shellPath = /bin/sh;
			shellScript = "diff \"${PODS_ROOT}/../Podfile.lock\" \"${PODS_ROOT}/Manifest.lock\" > /dev/null\nif [ $? != 0 ] ; then\n    # print error to STDERR\n    echo \"error: The sandbox is not in sync with the Podfile.lock. Run 'pod install' or update your CocoaPods installation.\" >&2\n    exit 1\nfi\n";
			showEnvVarsInLog = 0;
		};
		81E7D07ABD9CA8BDDFB5A99B /* [CP] Copy Pods Resources */ = {
			isa = PBXShellScriptBuildPhase;
			buildActionMask = 2147483647;
			files = (
			);
			inputPaths = (
			);
			name = "[CP] Copy Pods Resources";
			outputPaths = (
			);
			runOnlyForDeploymentPostprocessing = 0;
			shellPath = /bin/sh;
			shellScript = "\"${SRCROOT}/Pods/Target Support Files/Pods-PetProjectTests/Pods-PetProjectTests-resources.sh\"\n";
			showEnvVarsInLog = 0;
		};
		91DC924B9326ABB682C4EFE1 /* [CP] Copy Pods Resources */ = {
			isa = PBXShellScriptBuildPhase;
			buildActionMask = 2147483647;
			files = (
			);
			inputPaths = (
			);
			name = "[CP] Copy Pods Resources";
			outputPaths = (
			);
			runOnlyForDeploymentPostprocessing = 0;
			shellPath = /bin/sh;
			shellScript = "\"${SRCROOT}/Pods/Target Support Files/Pods-PetProjectUITests/Pods-PetProjectUITests-resources.sh\"\n";
			showEnvVarsInLog = 0;
		};
		B0852DC9E6A12A3AD6EEBD7B /* [CP] Embed Pods Frameworks */ = {
			isa = PBXShellScriptBuildPhase;
			buildActionMask = 2147483647;
			files = (
			);
			inputPaths = (
			);
			name = "[CP] Embed Pods Frameworks";
			outputPaths = (
			);
			runOnlyForDeploymentPostprocessing = 0;
			shellPath = /bin/sh;
			shellScript = "\"${SRCROOT}/Pods/Target Support Files/Pods-PetProjectUITests/Pods-PetProjectUITests-frameworks.sh\"\n";
			showEnvVarsInLog = 0;
		};
		F4E10C831BE6B824C4D89740 /* [CP] Embed Pods Frameworks */ = {
			isa = PBXShellScriptBuildPhase;
			buildActionMask = 2147483647;
			files = (
			);
			inputPaths = (
			);
			name = "[CP] Embed Pods Frameworks";
			outputPaths = (
			);
			runOnlyForDeploymentPostprocessing = 0;
			shellPath = /bin/sh;
			shellScript = "\"${SRCROOT}/Pods/Target Support Files/Pods-PetProjectTests/Pods-PetProjectTests-frameworks.sh\"\n";
			showEnvVarsInLog = 0;
		};
/* End PBXShellScriptBuildPhase section */

/* Begin PBXSourcesBuildPhase section */
		C21E00B11E262489006E86E5 /* Sources */ = {
			isa = PBXSourcesBuildPhase;
			buildActionMask = 2147483647;
			files = (
				C21E00C11E262489006E86E5 /* PetProject.xcdatamodeld in Sources */,
				C2AF91571E40E6410065E710 /* CreatePlayer.swift in Sources */,
				C21E00BB1E262489006E86E5 /* ViewController.swift in Sources */,
				C2B96CFB1E38E0E30061937B /* UserDetailsViewController.swift in Sources */,
				C2B96CF71E37922F0061937B /* petProjectAPI.swift in Sources */,
				C2AF915A1E40ED350065E710 /* validateTextField.swift in Sources */,
				C21E00B91E262489006E86E5 /* AppDelegate.swift in Sources */,
				C2644FF91E27757A00FFAF2A /* HomeViewController.swift in Sources */,
			);
			runOnlyForDeploymentPostprocessing = 0;
		};
		C21E00C81E26248A006E86E5 /* Sources */ = {
			isa = PBXSourcesBuildPhase;
			buildActionMask = 2147483647;
			files = (
				C21E00D11E26248A006E86E5 /* PetProjectTests.swift in Sources */,
			);
			runOnlyForDeploymentPostprocessing = 0;
		};
		C21E00D31E26248A006E86E5 /* Sources */ = {
			isa = PBXSourcesBuildPhase;
			buildActionMask = 2147483647;
			files = (
				C21E00DC1E26248A006E86E5 /* PetProjectUITests.swift in Sources */,
			);
			runOnlyForDeploymentPostprocessing = 0;
		};
/* End PBXSourcesBuildPhase section */

/* Begin PBXTargetDependency section */
		C21E00CE1E26248A006E86E5 /* PBXTargetDependency */ = {
			isa = PBXTargetDependency;
			target = C21E00B41E262489006E86E5 /* PetProject */;
			targetProxy = C21E00CD1E26248A006E86E5 /* PBXContainerItemProxy */;
		};
		C21E00D91E26248A006E86E5 /* PBXTargetDependency */ = {
			isa = PBXTargetDependency;
			target = C21E00B41E262489006E86E5 /* PetProject */;
			targetProxy = C21E00D81E26248A006E86E5 /* PBXContainerItemProxy */;
		};
/* End PBXTargetDependency section */

/* Begin PBXVariantGroup section */
		C21E00BC1E262489006E86E5 /* Main.storyboard */ = {
			isa = PBXVariantGroup;
			children = (
				C21E00BD1E262489006E86E5 /* Base */,
			);
			name = Main.storyboard;
			sourceTree = "<group>";
		};
		C21E00C41E262489006E86E5 /* LaunchScreen.storyboard */ = {
			isa = PBXVariantGroup;
			children = (
				C21E00C51E262489006E86E5 /* Base */,
			);
			name = LaunchScreen.storyboard;
			sourceTree = "<group>";
		};
/* End PBXVariantGroup section */

/* Begin XCBuildConfiguration section */
		C21E00DE1E26248A006E86E5 /* Debug */ = {
			isa = XCBuildConfiguration;
			buildSettings = {
				ALWAYS_SEARCH_USER_PATHS = NO;
				CLANG_ANALYZER_NONNULL = YES;
				CLANG_CXX_LANGUAGE_STANDARD = "gnu++0x";
				CLANG_CXX_LIBRARY = "libc++";
				CLANG_ENABLE_MODULES = YES;
				CLANG_ENABLE_OBJC_ARC = YES;
				CLANG_WARN_BOOL_CONVERSION = YES;
				CLANG_WARN_CONSTANT_CONVERSION = YES;
				CLANG_WARN_DIRECT_OBJC_ISA_USAGE = YES_ERROR;
				CLANG_WARN_DOCUMENTATION_COMMENTS = YES;
				CLANG_WARN_EMPTY_BODY = YES;
				CLANG_WARN_ENUM_CONVERSION = YES;
				CLANG_WARN_INFINITE_RECURSION = YES;
				CLANG_WARN_INT_CONVERSION = YES;
				CLANG_WARN_OBJC_ROOT_CLASS = YES_ERROR;
				CLANG_WARN_SUSPICIOUS_MOVE = YES;
				CLANG_WARN_UNREACHABLE_CODE = YES;
				CLANG_WARN__DUPLICATE_METHOD_MATCH = YES;
				"CODE_SIGN_IDENTITY[sdk=iphoneos*]" = "iPhone Developer";
				COPY_PHASE_STRIP = NO;
				DEBUG_INFORMATION_FORMAT = dwarf;
				ENABLE_STRICT_OBJC_MSGSEND = YES;
				ENABLE_TESTABILITY = YES;
				GCC_C_LANGUAGE_STANDARD = gnu99;
				GCC_DYNAMIC_NO_PIC = NO;
				GCC_NO_COMMON_BLOCKS = YES;
				GCC_OPTIMIZATION_LEVEL = 0;
				GCC_PREPROCESSOR_DEFINITIONS = (
					"DEBUG=1",
					"$(inherited)",
				);
				GCC_WARN_64_TO_32_BIT_CONVERSION = YES;
				GCC_WARN_ABOUT_RETURN_TYPE = YES_ERROR;
				GCC_WARN_UNDECLARED_SELECTOR = YES;
				GCC_WARN_UNINITIALIZED_AUTOS = YES_AGGRESSIVE;
				GCC_WARN_UNUSED_FUNCTION = YES;
				GCC_WARN_UNUSED_VARIABLE = YES;
				IPHONEOS_DEPLOYMENT_TARGET = 10.2;
				MTL_ENABLE_DEBUG_INFO = YES;
				ONLY_ACTIVE_ARCH = YES;
				SDKROOT = iphoneos;
				SWIFT_ACTIVE_COMPILATION_CONDITIONS = DEBUG;
				SWIFT_OPTIMIZATION_LEVEL = "-Onone";
				TARGETED_DEVICE_FAMILY = "1,2";
			};
			name = Debug;
		};
		C21E00DF1E26248A006E86E5 /* Release */ = {
			isa = XCBuildConfiguration;
			buildSettings = {
				ALWAYS_SEARCH_USER_PATHS = NO;
				CLANG_ANALYZER_NONNULL = YES;
				CLANG_CXX_LANGUAGE_STANDARD = "gnu++0x";
				CLANG_CXX_LIBRARY = "libc++";
				CLANG_ENABLE_MODULES = YES;
				CLANG_ENABLE_OBJC_ARC = YES;
				CLANG_WARN_BOOL_CONVERSION = YES;
				CLANG_WARN_CONSTANT_CONVERSION = YES;
				CLANG_WARN_DIRECT_OBJC_ISA_USAGE = YES_ERROR;
				CLANG_WARN_DOCUMENTATION_COMMENTS = YES;
				CLANG_WARN_EMPTY_BODY = YES;
				CLANG_WARN_ENUM_CONVERSION = YES;
				CLANG_WARN_INFINITE_RECURSION = YES;
				CLANG_WARN_INT_CONVERSION = YES;
				CLANG_WARN_OBJC_ROOT_CLASS = YES_ERROR;
				CLANG_WARN_SUSPICIOUS_MOVE = YES;
				CLANG_WARN_UNREACHABLE_CODE = YES;
				CLANG_WARN__DUPLICATE_METHOD_MATCH = YES;
				"CODE_SIGN_IDENTITY[sdk=iphoneos*]" = "iPhone Developer";
				COPY_PHASE_STRIP = NO;
				DEBUG_INFORMATION_FORMAT = "dwarf-with-dsym";
				ENABLE_NS_ASSERTIONS = NO;
				ENABLE_STRICT_OBJC_MSGSEND = YES;
				GCC_C_LANGUAGE_STANDARD = gnu99;
				GCC_NO_COMMON_BLOCKS = YES;
				GCC_WARN_64_TO_32_BIT_CONVERSION = YES;
				GCC_WARN_ABOUT_RETURN_TYPE = YES_ERROR;
				GCC_WARN_UNDECLARED_SELECTOR = YES;
				GCC_WARN_UNINITIALIZED_AUTOS = YES_AGGRESSIVE;
				GCC_WARN_UNUSED_FUNCTION = YES;
				GCC_WARN_UNUSED_VARIABLE = YES;
				IPHONEOS_DEPLOYMENT_TARGET = 10.2;
				MTL_ENABLE_DEBUG_INFO = NO;
				SDKROOT = iphoneos;
				SWIFT_OPTIMIZATION_LEVEL = "-Owholemodule";
				TARGETED_DEVICE_FAMILY = "1,2";
				VALIDATE_PRODUCT = YES;
			};
			name = Release;
		};
		C21E00E11E26248A006E86E5 /* Debug */ = {
			isa = XCBuildConfiguration;
			baseConfigurationReference = 68CD511CCC821526492C0D68 /* Pods-PetProject.debug.xcconfig */;
			buildSettings = {
				ASSETCATALOG_COMPILER_APPICON_NAME = AppIcon;
				INFOPLIST_FILE = PetProject/Info.plist;
				LD_RUNPATH_SEARCH_PATHS = "$(inherited) @executable_path/Frameworks";
				PRODUCT_BUNDLE_IDENTIFIER = Outlandium.PetProject;
				PRODUCT_NAME = "$(TARGET_NAME)";
				SWIFT_VERSION = 3.0;
			};
			name = Debug;
		};
		C21E00E21E26248A006E86E5 /* Release */ = {
			isa = XCBuildConfiguration;
			baseConfigurationReference = 49B60BCA37D137F8AA7813CA /* Pods-PetProject.release.xcconfig */;
			buildSettings = {
				ASSETCATALOG_COMPILER_APPICON_NAME = AppIcon;
				INFOPLIST_FILE = PetProject/Info.plist;
				LD_RUNPATH_SEARCH_PATHS = "$(inherited) @executable_path/Frameworks";
				PRODUCT_BUNDLE_IDENTIFIER = Outlandium.PetProject;
				PRODUCT_NAME = "$(TARGET_NAME)";
				SWIFT_VERSION = 3.0;
			};
			name = Release;
		};
		C21E00E41E26248A006E86E5 /* Debug */ = {
			isa = XCBuildConfiguration;
			baseConfigurationReference = 1285BFAA2C68C9E232E7C82A /* Pods-PetProjectTests.debug.xcconfig */;
			buildSettings = {
				BUNDLE_LOADER = "$(TEST_HOST)";
				INFOPLIST_FILE = PetProjectTests/Info.plist;
				LD_RUNPATH_SEARCH_PATHS = "$(inherited) @executable_path/Frameworks @loader_path/Frameworks";
				PRODUCT_BUNDLE_IDENTIFIER = Outlandium.PetProjectTests;
				PRODUCT_NAME = "$(TARGET_NAME)";
				SWIFT_VERSION = 3.0;
				TEST_HOST = "$(BUILT_PRODUCTS_DIR)/PetProject.app/PetProject";
			};
			name = Debug;
		};
		C21E00E51E26248A006E86E5 /* Release */ = {
			isa = XCBuildConfiguration;
			baseConfigurationReference = 9D61E6BD978B47300B5DA651 /* Pods-PetProjectTests.release.xcconfig */;
			buildSettings = {
				BUNDLE_LOADER = "$(TEST_HOST)";
				INFOPLIST_FILE = PetProjectTests/Info.plist;
				LD_RUNPATH_SEARCH_PATHS = "$(inherited) @executable_path/Frameworks @loader_path/Frameworks";
				PRODUCT_BUNDLE_IDENTIFIER = Outlandium.PetProjectTests;
				PRODUCT_NAME = "$(TARGET_NAME)";
				SWIFT_VERSION = 3.0;
				TEST_HOST = "$(BUILT_PRODUCTS_DIR)/PetProject.app/PetProject";
			};
			name = Release;
		};
		C21E00E71E26248A006E86E5 /* Debug */ = {
			isa = XCBuildConfiguration;
			baseConfigurationReference = 9F62F98B1B05539A75F349B2 /* Pods-PetProjectUITests.debug.xcconfig */;
			buildSettings = {
				INFOPLIST_FILE = PetProjectUITests/Info.plist;
				LD_RUNPATH_SEARCH_PATHS = "$(inherited) @executable_path/Frameworks @loader_path/Frameworks";
				PRODUCT_BUNDLE_IDENTIFIER = Outlandium.PetProjectUITests;
				PRODUCT_NAME = "$(TARGET_NAME)";
				SWIFT_VERSION = 3.0;
				TEST_TARGET_NAME = PetProject;
			};
			name = Debug;
		};
		C21E00E81E26248A006E86E5 /* Release */ = {
			isa = XCBuildConfiguration;
			baseConfigurationReference = AF1C5DD63CD2E947CBDB4145 /* Pods-PetProjectUITests.release.xcconfig */;
			buildSettings = {
				INFOPLIST_FILE = PetProjectUITests/Info.plist;
				LD_RUNPATH_SEARCH_PATHS = "$(inherited) @executable_path/Frameworks @loader_path/Frameworks";
				PRODUCT_BUNDLE_IDENTIFIER = Outlandium.PetProjectUITests;
				PRODUCT_NAME = "$(TARGET_NAME)";
				SWIFT_VERSION = 3.0;
				TEST_TARGET_NAME = PetProject;
			};
			name = Release;
		};
/* End XCBuildConfiguration section */

/* Begin XCConfigurationList section */
		C21E00B01E262489006E86E5 /* Build configuration list for PBXProject "PetProject" */ = {
			isa = XCConfigurationList;
			buildConfigurations = (
				C21E00DE1E26248A006E86E5 /* Debug */,
				C21E00DF1E26248A006E86E5 /* Release */,
			);
			defaultConfigurationIsVisible = 0;
			defaultConfigurationName = Release;
		};
		C21E00E01E26248A006E86E5 /* Build configuration list for PBXNativeTarget "PetProject" */ = {
			isa = XCConfigurationList;
			buildConfigurations = (
				C21E00E11E26248A006E86E5 /* Debug */,
				C21E00E21E26248A006E86E5 /* Release */,
			);
			defaultConfigurationIsVisible = 0;
			defaultConfigurationName = Release;
		};
		C21E00E31E26248A006E86E5 /* Build configuration list for PBXNativeTarget "PetProjectTests" */ = {
			isa = XCConfigurationList;
			buildConfigurations = (
				C21E00E41E26248A006E86E5 /* Debug */,
				C21E00E51E26248A006E86E5 /* Release */,
			);
			defaultConfigurationIsVisible = 0;
			defaultConfigurationName = Release;
		};
		C21E00E61E26248A006E86E5 /* Build configuration list for PBXNativeTarget "PetProjectUITests" */ = {
			isa = XCConfigurationList;
			buildConfigurations = (
				C21E00E71E26248A006E86E5 /* Debug */,
				C21E00E81E26248A006E86E5 /* Release */,
			);
			defaultConfigurationIsVisible = 0;
			defaultConfigurationName = Release;
		};
/* End XCConfigurationList section */

/* Begin XCVersionGroup section */
		C21E00BF1E262489006E86E5 /* PetProject.xcdatamodeld */ = {
			isa = XCVersionGroup;
			children = (
				C21E00C01E262489006E86E5 /* PetProject.xcdatamodel */,
			);
			currentVersion = C21E00C01E262489006E86E5 /* PetProject.xcdatamodel */;
			path = PetProject.xcdatamodeld;
			sourceTree = "<group>";
			versionGroupType = wrapper.xcdatamodel;
		};
/* End XCVersionGroup section */
	};
	rootObject = C21E00AD1E262489006E86E5 /* Project object */;
}
